
Microsoft Visual Studio Solution File, Format Version 12.00
# Visual Studio Version 17
VisualStudioVersion = 17.2.32519.379
MinimumVisualStudioVersion = 10.0.40219.1
Project("{9A19103F-16F7-4668-BE54-9A1E7A4F7556}") = "TestingSystem.DesktopClient", "TestingSystem.DesktopClient\TestingSystem.DesktopClient.csproj", "{E68C67A5-9FFF-4545-BA86-4706B2DD778C}"
EndProject
Project("{9A19103F-16F7-4668-BE54-9A1E7A4F7556}") = "TestingSystem.Models", "TestingSystem.Models\TestingSystem.Models.csproj", "{8F92F66C-959E-4AF8-AEF2-E95C4E8CF910}"
EndProject
Project("{FAE04EC0-301F-11D3-BF4B-00C04F79EFBC}") = "TestingSystem.TestingStorage", "TestingSystem.TestingStorage\TestingSystem.TestingStorage.csproj", "{80CDA653-1794-4889-BEFB-11C40B099694}"
EndProject
Global
	GlobalSection(SolutionConfigurationPlatforms) = preSolution
		Debug|Any CPU = Debug|Any CPU
		Release|Any CPU = Release|Any CPU
	EndGlobalSection
	GlobalSection(ProjectConfigurationPlatforms) = postSolution
		{E68C67A5-9FFF-4545-BA86-4706B2DD778C}.Debug|Any CPU.ActiveCfg = Debug|Any CPU
		{E68C67A5-9FFF-4545-BA86-4706B2DD778C}.Debug|Any CPU.Build.0 = Debug|Any CPU
		{E68C67A5-9FFF-4545-BA86-4706B2DD778C}.Release|Any CPU.ActiveCfg = Release|Any CPU
		{E68C67A5-9FFF-4545-BA86-4706B2DD778C}.Release|Any CPU.Build.0 = Release|Any CPU
		{8F92F66C-959E-4AF8-AEF2-E95C4E8CF910}.Debug|Any CPU.ActiveCfg = Debug|Any CPU
		{8F92F66C-959E-4AF8-AEF2-E95C4E8CF910}.Debug|Any CPU.Build.0 = Debug|Any CPU
		{8F92F66C-959E-4AF8-AEF2-E95C4E8CF910}.Release|Any CPU.ActiveCfg = Release|Any CPU
		{8F92F66C-959E-4AF8-AEF2-E95C4E8CF910}.Release|Any CPU.Build.0 = Release|Any CPU
		{80CDA653-1794-4889-BEFB-11C40B099694}.Debug|Any CPU.ActiveCfg = Debug|Any CPU
		{80CDA653-1794-4889-BEFB-11C40B099694}.Debug|Any CPU.Build.0 = Debug|Any CPU
		{80CDA653-1794-4889-BEFB-11C40B099694}.Release|Any CPU.ActiveCfg = Release|Any CPU
		{80CDA653-1794-4889-BEFB-11C40B099694}.Release|Any CPU.Build.0 = Release|Any CPU
	EndGlobalSection
	GlobalSection(SolutionProperties) = preSolution
		HideSolutionNode = FALSE
	EndGlobalSection
	GlobalSection(ExtensibilityGlobals) = postSolution
		SolutionGuid = {5FBCEDA9-2042-46C7-A753-DA9119DFCFCF}
	EndGlobalSection
EndGlobal
